
Microsoft Visual Studio Solution File, Format Version 12.00
# Visual Studio Version 17
VisualStudioVersion = 17.7.34024.191
MinimumVisualStudioVersion = 10.0.40219.1
Project("{8BC9CEB8-8B4A-11D0-8D11-00A0C91BC942}") = "Lab5.0", "Lab5.0\Lab5.0.vcxproj", "{FE05C2EB-A50A-465B-AD04-683DA221735B}"
EndProject
Project("{8BC9CEB8-8B4A-11D0-8D11-00A0C91BC942}") = "UnitTest1", "UnitTest1\UnitTest1.vcxproj", "{1167AF77-FF89-4667-A81F-7BE2F4110A0A}"
EndProject
Global
	GlobalSection(SolutionConfigurationPlatforms) = preSolution
		Debug|x64 = Debug|x64
		Debug|x86 = Debug|x86
		Release|x64 = Release|x64
		Release|x86 = Release|x86
	EndGlobalSection
	GlobalSection(ProjectConfigurationPlatforms) = postSolution
		{FE05C2EB-A50A-465B-AD04-683DA221735B}.Debug|x64.ActiveCfg = Debug|x64
		{FE05C2EB-A50A-465B-AD04-683DA221735B}.Debug|x64.Build.0 = Debug|x64
		{FE05C2EB-A50A-465B-AD04-683DA221735B}.Debug|x86.ActiveCfg = Debug|Win32
		{FE05C2EB-A50A-465B-AD04-683DA221735B}.Debug|x86.Build.0 = Debug|Win32
		{FE05C2EB-A50A-465B-AD04-683DA221735B}.Release|x64.ActiveCfg = Release|x64
		{FE05C2EB-A50A-465B-AD04-683DA221735B}.Release|x64.Build.0 = Release|x64
		{FE05C2EB-A50A-465B-AD04-683DA221735B}.Release|x86.ActiveCfg = Release|Win32
		{FE05C2EB-A50A-465B-AD04-683DA221735B}.Release|x86.Build.0 = Release|Win32
		{1167AF77-FF89-4667-A81F-7BE2F4110A0A}.Debug|x64.ActiveCfg = Debug|x64
		{1167AF77-FF89-4667-A81F-7BE2F4110A0A}.Debug|x64.Build.0 = Debug|x64
		{1167AF77-FF89-4667-A81F-7BE2F4110A0A}.Debug|x86.ActiveCfg = Debug|Win32
		{1167AF77-FF89-4667-A81F-7BE2F4110A0A}.Debug|x86.Build.0 = Debug|Win32
		{1167AF77-FF89-4667-A81F-7BE2F4110A0A}.Release|x64.ActiveCfg = Release|x64
		{1167AF77-FF89-4667-A81F-7BE2F4110A0A}.Release|x64.Build.0 = Release|x64
		{1167AF77-FF89-4667-A81F-7BE2F4110A0A}.Release|x86.ActiveCfg = Release|Win32
		{1167AF77-FF89-4667-A81F-7BE2F4110A0A}.Release|x86.Build.0 = Release|Win32
	EndGlobalSection
	GlobalSection(SolutionProperties) = preSolution
		HideSolutionNode = FALSE
	EndGlobalSection
	GlobalSection(ExtensibilityGlobals) = postSolution
		SolutionGuid = {6A394539-22EB-4400-934A-F524F1A46232}
	EndGlobalSection
EndGlobal
